
Microsoft Visual Studio Solution File, Format Version 12.00
# Visual Studio Version 16
VisualStudioVersion = 16.0.30104.148
MinimumVisualStudioVersion = 10.0.40219.1
Project("{FAE04EC0-301F-11D3-BF4B-00C04F79EFBC}") = "SalesWebMvc", "SalesWebMvc\SalesWebMvc.csproj", "{A924A455-DDBF-4CE2-9AF8-9D8C2A373A70}"
EndProject
Global
	GlobalSection(SolutionConfigurationPlatforms) = preSolution
		Debug|Any CPU = Debug|Any CPU
		Release|Any CPU = Release|Any CPU
	EndGlobalSection
	GlobalSection(ProjectConfigurationPlatforms) = postSolution
		{A924A455-DDBF-4CE2-9AF8-9D8C2A373A70}.Debug|Any CPU.ActiveCfg = Debug|Any CPU
		{A924A455-DDBF-4CE2-9AF8-9D8C2A373A70}.Debug|Any CPU.Build.0 = Debug|Any CPU
		{A924A455-DDBF-4CE2-9AF8-9D8C2A373A70}.Release|Any CPU.ActiveCfg = Release|Any CPU
		{A924A455-DDBF-4CE2-9AF8-9D8C2A373A70}.Release|Any CPU.Build.0 = Release|Any CPU
	EndGlobalSection
	GlobalSection(SolutionProperties) = preSolution
		HideSolutionNode = FALSE
	EndGlobalSection
	GlobalSection(ExtensibilityGlobals) = postSolution
		SolutionGuid = {28758E1A-34D8-4527-AAC6-72D431413CB1}
	EndGlobalSection
EndGlobal
